
Microsoft Visual Studio Solution File, Format Version 12.00
# Visual Studio Version 16
VisualStudioVersion = 16.0.34031.81
MinimumVisualStudioVersion = 10.0.40219.1
Project("{888888A0-9F3D-457C-B088-3A5042F75D52}") = "Pract 04Arr MultiRecorrido de una Matriz NxM en python", "Pract 04Arr MultiRecorrido de una Matriz NxM en python\Pract 04Arr MultiRecorrido de una Matriz NxM en python.pyproj", "{FEF3016F-4F13-4645-A603-E54A2FA326BB}"
EndProject
Global
	GlobalSection(SolutionConfigurationPlatforms) = preSolution
		Debug|Any CPU = Debug|Any CPU
		Release|Any CPU = Release|Any CPU
	EndGlobalSection
	GlobalSection(ProjectConfigurationPlatforms) = postSolution
		{FEF3016F-4F13-4645-A603-E54A2FA326BB}.Debug|Any CPU.ActiveCfg = Debug|Any CPU
		{FEF3016F-4F13-4645-A603-E54A2FA326BB}.Release|Any CPU.ActiveCfg = Release|Any CPU
	EndGlobalSection
	GlobalSection(SolutionProperties) = preSolution
		HideSolutionNode = FALSE
	EndGlobalSection
	GlobalSection(ExtensibilityGlobals) = postSolution
		SolutionGuid = {11DF0EEC-DE95-4FC8-AD64-DBCD6F6DBA63}
	EndGlobalSection
EndGlobal
